// !$*UTF8*$!
{
	archiveVersion = 1;
	classes = {
	};
	objectVersion = 46;
	objects = {

/* Begin PBXBuildFile section */
		8F5AD09B1F4BFA3D0016E8AF /* AppDelegate.swift in Sources */ = {isa = PBXBuildFile; fileRef = 8F5AD09A1F4BFA3D0016E8AF /* AppDelegate.swift */; };
		8F5AD09D1F4BFA3D0016E8AF /* ViewController.swift in Sources */ = {isa = PBXBuildFile; fileRef = 8F5AD09C1F4BFA3D0016E8AF /* ViewController.swift */; };
		8F5AD0A01F4BFA3D0016E8AF /* Main.storyboard in Resources */ = {isa = PBXBuildFile; fileRef = 8F5AD09E1F4BFA3D0016E8AF /* Main.storyboard */; };
		8F5AD0A21F4BFA3D0016E8AF /* Assets.xcassets in Resources */ = {isa = PBXBuildFile; fileRef = 8F5AD0A11F4BFA3D0016E8AF /* Assets.xcassets */; };
		8F5AD0A51F4BFA3D0016E8AF /* LaunchScreen.storyboard in Resources */ = {isa = PBXBuildFile; fileRef = 8F5AD0A31F4BFA3D0016E8AF /* LaunchScreen.storyboard */; };
/* End PBXBuildFile section */

/* Begin PBXFileReference section */
		8F5AD0971F4BFA3D0016E8AF /* GitUseExample.app */ = {isa = PBXFileReference; explicitFileType = wrapper.application; includeInIndex = 0; path = GitUseExample.app; sourceTree = BUILT_PRODUCTS_DIR; };
		8F5AD09A1F4BFA3D0016E8AF /* AppDelegate.swift */ = {isa = PBXFileReference; lastKnownFileType = sourcecode.swift; path = AppDelegate.swift; sourceTree = "<group>"; };
		8F5AD09C1F4BFA3D0016E8AF /* ViewController.swift */ = {isa = PBXFileReference; lastKnownFileType = sourcecode.swift; path = ViewController.swift; sourceTree = "<group>"; };
		8F5AD09F1F4BFA3D0016E8AF /* Base */ = {isa = PBXFileReference; lastKnownFileType = file.storyboard; name = Base; path = Base.lproj/Main.storyboard; sourceTree = "<group>"; };
		8F5AD0A11F4BFA3D0016E8AF /* Assets.xcassets */ = {isa = PBXFileReference; lastKnownFileType = folder.assetcatalog; path = Assets.xcassets; sourceTree = "<group>"; };
		8F5AD0A41F4BFA3D0016E8AF /* Base */ = {isa = PBXFileReference; lastKnownFileType = file.storyboard; name = Base; path = Base.lproj/LaunchScreen.storyboard; sourceTree = "<group>"; };
		8F5AD0A61F4BFA3D0016E8AF /* Info.plist */ = {isa = PBXFileReference; lastKnownFileType = text.plist.xml; path = Info.plist; sourceTree = "<group>"; };
/* End PBXFileReference section */

/* Begin PBXFrameworksBuildPhase section */
		8F5AD0941F4BFA3D0016E8AF /* Frameworks */ = {
			isa = PBXFrameworksBuildPhase;
			buildActionMask = 2147483647;
			files = (
			);
			runOnlyForDeploymentPostprocessing = 0;
		};
/* End PBXFrameworksBuildPhase section */

/* Begin PBXGroup section */
		8F5AD08E1F4BFA3D0016E8AF = {
			isa = PBXGroup;
			children = (
				8F5AD0991F4BFA3D0016E8AF /* GitUseExample */,
				8F5AD0981F4BFA3D0016E8AF /* Products */,
			);
			sourceTree = "<group>";
		};
		8F5AD0981F4BFA3D0016E8AF /* Products */ = {
			isa = PBXGroup;
			children = (
				8F5AD0971F4BFA3D0016E8AF /* GitUseExample.app */,
			);
			name = Products;
			sourceTree = "<group>";
		};
		8F5AD0991F4BFA3D0016E8AF /* GitUseExample */ = {
			isa = PBXGroup;
			children = (
				8F5AD09A1F4BFA3D0016E8AF /* AppDelegate.swift */,
				8F5AD09C1F4BFA3D0016E8AF /* ViewController.swift */,
				8F5AD09E1F4BFA3D0016E8AF /* Main.storyboard */,
				8F5AD0A11F4BFA3D0016E8AF /* Assets.xcassets */,
				8F5AD0A31F4BFA3D0016E8AF /* LaunchScreen.storyboard */,
				8F5AD0A61F4BFA3D0016E8AF /* Info.plist */,
			);
			path = GitUseExample;
			sourceTree = "<group>";
		};
/* End PBXGroup section */

/* Begin PBXNativeTarget section */
		8F5AD0961F4BFA3D0016E8AF /* GitUseExample */ = {
			isa = PBXNativeTarget;
			buildConfigurationList = 8F5AD0A91F4BFA3D0016E8AF /* Build configuration list for PBXNativeTarget "GitUseExample" */;
			buildPhases = (
				8F5AD0931F4BFA3D0016E8AF /* Sources */,
				8F5AD0941F4BFA3D0016E8AF /* Frameworks */,
				8F5AD0951F4BFA3D0016E8AF /* Resources */,
			);
			buildRules = (
			);
			dependencies = (
			);
			name = GitUseExample;
			productName = GitUseExample;
			productReference = 8F5AD0971F4BFA3D0016E8AF /* GitUseExample.app */;
			productType = "com.apple.product-type.application";
		};
/* End PBXNativeTarget section */

/* Begin PBXProject section */
		8F5AD08F1F4BFA3D0016E8AF /* Project object */ = {
			isa = PBXProject;
			attributes = {
				LastSwiftUpdateCheck = 0830;
				LastUpgradeCheck = 0830;
				ORGANIZATIONNAME = Training;
				TargetAttributes = {
					8F5AD0961F4BFA3D0016E8AF = {
						CreatedOnToolsVersion = 8.3;
						DevelopmentTeam = 7A8BT7UBJR;
						ProvisioningStyle = Automatic;
					};
				};
			};
			buildConfigurationList = 8F5AD0921F4BFA3D0016E8AF /* Build configuration list for PBXProject "GitUseExample" */;
			compatibilityVersion = "Xcode 3.2";
			developmentRegion = English;
			hasScannedForEncodings = 0;
			knownRegions = (
				en,
				Base,
			);
			mainGroup = 8F5AD08E1F4BFA3D0016E8AF;
			productRefGroup = 8F5AD0981F4BFA3D0016E8AF /* Products */;
			projectDirPath = "";
			projectRoot = "";
			targets = (
				8F5AD0961F4BFA3D0016E8AF /* GitUseExample */,
			);
		};
/* End PBXProject section */

/* Begin PBXResourcesBuildPhase section */
		8F5AD0951F4BFA3D0016E8AF /* Resources */ = {
			isa = PBXResourcesBuildPhase;
			buildActionMask = 2147483647;
			files = (
				8F5AD0A51F4BFA3D0016E8AF /* LaunchScreen.storyboard in Resources */,
				8F5AD0A21F4BFA3D0016E8AF /* Assets.xcassets in Resources */,
				8F5AD0A01F4BFA3D0016E8AF /* Main.storyboard in Resources */,
			);
			runOnlyForDeploymentPostprocessing = 0;
		};
/* End PBXResourcesBuildPhase section */

/* Begin PBXSourcesBuildPhase section */
		8F5AD0931F4BFA3D0016E8AF /* Sources */ = {
			isa = PBXSourcesBuildPhase;
			buildActionMask = 2147483647;
			files = (
				8F5AD09D1F4BFA3D0016E8AF /* ViewController.swift in Sources */,
				8F5AD09B1F4BFA3D0016E8AF /* AppDelegate.swift in Sources */,
			);
			runOnlyForDeploymentPostprocessing = 0;
		};
/* End PBXSourcesBuildPhase section */

/* Begin PBXVariantGroup section */
		8F5AD09E1F4BFA3D0016E8AF /* Main.storyboard */ = {
			isa = PBXVariantGroup;
			children = (
				8F5AD09F1F4BFA3D0016E8AF /* Base */,
			);
			name = Main.storyboard;
			sourceTree = "<group>";
		};
		8F5AD0A31F4BFA3D0016E8AF /* LaunchScreen.storyboard */ = {
			isa = PBXVariantGroup;
			children = (
				8F5AD0A41F4BFA3D0016E8AF /* Base */,
			);
			name = LaunchScreen.storyboard;
			sourceTree = "<group>";
		};
/* End PBXVariantGroup section */

/* Begin XCBuildConfiguration section */
		8F5AD0A71F4BFA3D0016E8AF /* Debug */ = {
			isa = XCBuildConfiguration;
			buildSettings = {
				ALWAYS_SEARCH_USER_PATHS = NO;
				CLANG_ANALYZER_NONNULL = YES;
				CLANG_ANALYZER_NUMBER_OBJECT_CONVERSION = YES_AGGRESSIVE;
				CLANG_CXX_LANGUAGE_STANDARD = "gnu++0x";
				CLANG_CXX_LIBRARY = "libc++";
				CLANG_ENABLE_MODULES = YES;
				CLANG_ENABLE_OBJC_ARC = YES;
				CLANG_WARN_BOOL_CONVERSION = YES;
				CLANG_WARN_CONSTANT_CONVERSION = YES;
				CLANG_WARN_DIRECT_OBJC_ISA_USAGE = YES_ERROR;
				CLANG_WARN_DOCUMENTATION_COMMENTS = YES;
				CLANG_WARN_EMPTY_BODY = YES;
				CLANG_WARN_ENUM_CONVERSION = YES;
				CLANG_WARN_INFINITE_RECURSION = YES;
				CLANG_WARN_INT_CONVERSION = YES;
				CLANG_WARN_OBJC_ROOT_CLASS = YES_ERROR;
				CLANG_WARN_SUSPICIOUS_MOVE = YES;
				CLANG_WARN_UNREACHABLE_CODE = YES;
				CLANG_WARN__DUPLICATE_METHOD_MATCH = YES;
				"CODE_SIGN_IDENTITY[sdk=iphoneos*]" = "iPhone Developer";
				COPY_PHASE_STRIP = NO;
				DEBUG_INFORMATION_FORMAT = dwarf;
				ENABLE_STRICT_OBJC_MSGSEND = YES;
				ENABLE_TESTABILITY = YES;
				GCC_C_LANGUAGE_STANDARD = gnu99;
				GCC_DYNAMIC_NO_PIC = NO;
				GCC_NO_COMMON_BLOCKS = YES;
				GCC_OPTIMIZATION_LEVEL = 0;
				GCC_PREPROCESSOR_DEFINITIONS = (
					"DEBUG=1",
					"$(inherited)",
				);
				GCC_WARN_64_TO_32_BIT_CONVERSION = YES;
				GCC_WARN_ABOUT_RETURN_TYPE = YES_ERROR;
				GCC_WARN_UNDECLARED_SELECTOR = YES;
				GCC_WARN_UNINITIALIZED_AUTOS = YES_AGGRESSIVE;
				GCC_WARN_UNUSED_FUNCTION = YES;
				GCC_WARN_UNUSED_VARIABLE = YES;
				IPHONEOS_DEPLOYMENT_TARGET = 10.3;
				MTL_ENABLE_DEBUG_INFO = YES;
				ONLY_ACTIVE_ARCH = YES;
				SDKROOT = iphoneos;
				SWIFT_ACTIVE_COMPILATION_CONDITIONS = DEBUG;
				SWIFT_OPTIMIZATION_LEVEL = "-Onone";
			};
			name = Debug;
		};
		8F5AD0A81F4BFA3D0016E8AF /* Release */ = {
			isa = XCBuildConfiguration;
			buildSettings = {
				ALWAYS_SEARCH_USER_PATHS = NO;
				CLANG_ANALYZER_NONNULL = YES;
				CLANG_ANALYZER_NUMBER_OBJECT_CONVERSION = YES_AGGRESSIVE;
				CLANG_CXX_LANGUAGE_STANDARD = "gnu++0x";
				CLANG_CXX_LIBRARY = "libc++";
				CLANG_ENABLE_MODULES = YES;
				CLANG_ENABLE_OBJC_ARC = YES;
				CLANG_WARN_BOOL_CONVERSION = YES;
				CLANG_WARN_CONSTANT_CONVERSION = YES;
				CLANG_WARN_DIRECT_OBJC_ISA_USAGE = YES_ERROR;
				CLANG_WARN_DOCUMENTATION_COMMENTS = YES;
				CLANG_WARN_EMPTY_BODY = YES;
				CLANG_WARN_ENUM_CONVERSION = YES;
				CLANG_WARN_INFINITE_RECURSION = YES;
				CLANG_WARN_INT_CONVERSION = YES;
				CLANG_WARN_OBJC_ROOT_CLASS = YES_ERROR;
				CLANG_WARN_SUSPICIOUS_MOVE = YES;
				CLANG_WARN_UNREACHABLE_CODE = YES;
				CLANG_WARN__DUPLICATE_METHOD_MATCH = YES;
				"CODE_SIGN_IDENTITY[sdk=iphoneos*]" = "iPhone Developer";
				COPY_PHASE_STRIP = NO;
				DEBUG_INFORMATION_FORMAT = "dwarf-with-dsym";
				ENABLE_NS_ASSERTIONS = NO;
				ENABLE_STRICT_OBJC_MSGSEND = YES;
				GCC_C_LANGUAGE_STANDARD = gnu99;
				GCC_NO_COMMON_BLOCKS = YES;
				GCC_WARN_64_TO_32_BIT_CONVERSION = YES;
				GCC_WARN_ABOUT_RETURN_TYPE = YES_ERROR;
				GCC_WARN_UNDECLARED_SELECTOR = YES;
				GCC_WARN_UNINITIALIZED_AUTOS = YES_AGGRESSIVE;
				GCC_WARN_UNUSED_FUNCTION = YES;
				GCC_WARN_UNUSED_VARIABLE = YES;
				IPHONEOS_DEPLOYMENT_TARGET = 10.3;
				MTL_ENABLE_DEBUG_INFO = NO;
				SDKROOT = iphoneos;
				SWIFT_OPTIMIZATION_LEVEL = "-Owholemodule";
				VALIDATE_PRODUCT = YES;
			};
			name = Release;
		};
		8F5AD0AA1F4BFA3D0016E8AF /* Debug */ = {
			isa = XCBuildConfiguration;
			buildSettings = {
				ASSETCATALOG_COMPILER_APPICON_NAME = AppIcon;
				DEVELOPMENT_TEAM = 7A8BT7UBJR;
				INFOPLIST_FILE = GitUseExample/Info.plist;
				LD_RUNPATH_SEARCH_PATHS = "$(inherited) @executable_path/Frameworks";
				PRODUCT_BUNDLE_IDENTIFIER = com.sarunporn.GitUseExample;
				PRODUCT_NAME = "$(TARGET_NAME)";
				SWIFT_VERSION = 3.0;
			};
			name = Debug;
		};
		8F5AD0AB1F4BFA3D0016E8AF /* Release */ = {
			isa = XCBuildConfiguration;
			buildSettings = {
				ASSETCATALOG_COMPILER_APPICON_NAME = AppIcon;
				DEVELOPMENT_TEAM = 7A8BT7UBJR;
				INFOPLIST_FILE = GitUseExample/Info.plist;
				LD_RUNPATH_SEARCH_PATHS = "$(inherited) @executable_path/Frameworks";
				PRODUCT_BUNDLE_IDENTIFIER = com.sarunporn.GitUseExample;
				PRODUCT_NAME = "$(TARGET_NAME)";
				SWIFT_VERSION = 3.0;
			};
			name = Release;
		};
/* End XCBuildConfiguration section */

/* Begin XCConfigurationList section */
		8F5AD0921F4BFA3D0016E8AF /* Build configuration list for PBXProject "GitUseExample" */ = {
			isa = XCConfigurationList;
			buildConfigurations = (
				8F5AD0A71F4BFA3D0016E8AF /* Debug */,
				8F5AD0A81F4BFA3D0016E8AF /* Release */,
			);
			defaultConfigurationIsVisible = 0;
			defaultConfigurationName = Release;
		};
		8F5AD0A91F4BFA3D0016E8AF /* Build configuration list for PBXNativeTarget "GitUseExample" */ = {
			isa = XCConfigurationList;
			buildConfigurations = (
				8F5AD0AA1F4BFA3D0016E8AF /* Debug */,
				8F5AD0AB1F4BFA3D0016E8AF /* Release */,
			);
			defaultConfigurationIsVisible = 0;
		};
/* End XCConfigurationList section */
	};
	rootObject = 8F5AD08F1F4BFA3D0016E8AF /* Project object */;
}
